{
  "name": "typescript-tuple-rest-spread-bug",
  "version": "1.0.0",
  "lockfileVersion": 1,
  "requires": true,
  "dependencies": {
    "typescript": {
      "version": "3.8.0-dev.20191116",
      "resolved": "https://registry.npmjs.org/typescript/-/typescript-3.8.0-dev.20191116.tgz",
      "integrity": "sha512-MtStPs7JjUXbWQmALLSjIgRaSJYzg0FO3QSi8Vhn/z11t5xll1+yAFT3yDt/PXPduFIgB1KMyUsIyjDyETAT3A==",
      "dev": true
    }
  }
}
